// !$*UTF8*$!
{
	archiveVersion = 1;
	classes = {
	};
	objectVersion = 46;
	objects = {

/* Begin PBXBuildFile section */
		197C50771E7313A9008FB587 /* AppDelegate.swift in Sources */ = {isa = PBXBuildFile; fileRef = 197C50761E7313A9008FB587 /* AppDelegate.swift */; };
		197C50791E7313A9008FB587 /* ViewController.swift in Sources */ = {isa = PBXBuildFile; fileRef = 197C50781E7313A9008FB587 /* ViewController.swift */; };
		197C507C1E7313A9008FB587 /* Main.storyboard in Resources */ = {isa = PBXBuildFile; fileRef = 197C507A1E7313A9008FB587 /* Main.storyboard */; };
		197C507E1E7313A9008FB587 /* Assets.xcassets in Resources */ = {isa = PBXBuildFile; fileRef = 197C507D1E7313A9008FB587 /* Assets.xcassets */; };
		197C50811E7313A9008FB587 /* LaunchScreen.storyboard in Resources */ = {isa = PBXBuildFile; fileRef = 197C507F1E7313A9008FB587 /* LaunchScreen.storyboard */; };
/* End PBXBuildFile section */

/* Begin PBXFileReference section */
		197C50731E7313A9008FB587 /* ExCode1.app */ = {isa = PBXFileReference; explicitFileType = wrapper.application; includeInIndex = 0; path = ExCode1.app; sourceTree = BUILT_PRODUCTS_DIR; };
		197C50761E7313A9008FB587 /* AppDelegate.swift */ = {isa = PBXFileReference; lastKnownFileType = sourcecode.swift; path = AppDelegate.swift; sourceTree = "<group>"; };
		197C50781E7313A9008FB587 /* ViewController.swift */ = {isa = PBXFileReference; lastKnownFileType = sourcecode.swift; path = ViewController.swift; sourceTree = "<group>"; };
		197C507B1E7313A9008FB587 /* Base */ = {isa = PBXFileReference; lastKnownFileType = file.storyboard; name = Base; path = Base.lproj/Main.storyboard; sourceTree = "<group>"; };
		197C507D1E7313A9008FB587 /* Assets.xcassets */ = {isa = PBXFileReference; lastKnownFileType = folder.assetcatalog; path = Assets.xcassets; sourceTree = "<group>"; };
		197C50801E7313A9008FB587 /* Base */ = {isa = PBXFileReference; lastKnownFileType = file.storyboard; name = Base; path = Base.lproj/LaunchScreen.storyboard; sourceTree = "<group>"; };
		197C50821E7313A9008FB587 /* Info.plist */ = {isa = PBXFileReference; lastKnownFileType = text.plist.xml; path = Info.plist; sourceTree = "<group>"; };
/* End PBXFileReference section */

/* Begin PBXFrameworksBuildPhase section */
		197C50701E7313A9008FB587 /* Frameworks */ = {
			isa = PBXFrameworksBuildPhase;
			buildActionMask = 2147483647;
			files = (
			);
			runOnlyForDeploymentPostprocessing = 0;
		};
/* End PBXFrameworksBuildPhase section */

/* Begin PBXGroup section */
		197C506A1E7313A9008FB587 = {
			isa = PBXGroup;
			children = (
				197C50751E7313A9008FB587 /* ExCode1 */,
				197C50741E7313A9008FB587 /* Products */,
			);
			sourceTree = "<group>";
		};
		197C50741E7313A9008FB587 /* Products */ = {
			isa = PBXGroup;
			children = (
				197C50731E7313A9008FB587 /* ExCode1.app */,
			);
			name = Products;
			sourceTree = "<group>";
		};
		197C50751E7313A9008FB587 /* ExCode1 */ = {
			isa = PBXGroup;
			children = (
				197C50761E7313A9008FB587 /* AppDelegate.swift */,
				197C50781E7313A9008FB587 /* ViewController.swift */,
				197C507A1E7313A9008FB587 /* Main.storyboard */,
				197C507D1E7313A9008FB587 /* Assets.xcassets */,
				197C507F1E7313A9008FB587 /* LaunchScreen.storyboard */,
				197C50821E7313A9008FB587 /* Info.plist */,
			);
			path = ExCode1;
			sourceTree = "<group>";
		};
/* End PBXGroup section */

/* Begin PBXNativeTarget section */
		197C50721E7313A9008FB587 /* ExCode1 */ = {
			isa = PBXNativeTarget;
			buildConfigurationList = 197C50851E7313A9008FB587 /* Build configuration list for PBXNativeTarget "ExCode1" */;
			buildPhases = (
				197C506F1E7313A9008FB587 /* Sources */,
				197C50701E7313A9008FB587 /* Frameworks */,
				197C50711E7313A9008FB587 /* Resources */,
			);
			buildRules = (
			);
			dependencies = (
			);
			name = ExCode1;
			productName = ExCode1;
			productReference = 197C50731E7313A9008FB587 /* ExCode1.app */;
			productType = "com.apple.product-type.application";
		};
/* End PBXNativeTarget section */

/* Begin PBXProject section */
		197C506B1E7313A9008FB587 /* Project object */ = {
			isa = PBXProject;
			attributes = {
				LastSwiftUpdateCheck = 0820;
				LastUpgradeCheck = 0820;
				ORGANIZATIONNAME = Dekel;
				TargetAttributes = {
					197C50721E7313A9008FB587 = {
						CreatedOnToolsVersion = 8.2.1;
						ProvisioningStyle = Automatic;
					};
				};
			};
			buildConfigurationList = 197C506E1E7313A9008FB587 /* Build configuration list for PBXProject "ExCode1" */;
			compatibilityVersion = "Xcode 3.2";
			developmentRegion = English;
			hasScannedForEncodings = 0;
			knownRegions = (
				en,
				Base,
			);
			mainGroup = 197C506A1E7313A9008FB587;
			productRefGroup = 197C50741E7313A9008FB587 /* Products */;
			projectDirPath = "";
			projectRoot = "";
			targets = (
				197C50721E7313A9008FB587 /* ExCode1 */,
			);
		};
/* End PBXProject section */

/* Begin PBXResourcesBuildPhase section */
		197C50711E7313A9008FB587 /* Resources */ = {
			isa = PBXResourcesBuildPhase;
			buildActionMask = 2147483647;
			files = (
				197C50811E7313A9008FB587 /* LaunchScreen.storyboard in Resources */,
				197C507E1E7313A9008FB587 /* Assets.xcassets in Resources */,
				197C507C1E7313A9008FB587 /* Main.storyboard in Resources */,
			);
			runOnlyForDeploymentPostprocessing = 0;
		};
/* End PBXResourcesBuildPhase section */

/* Begin PBXSourcesBuildPhase section */
		197C506F1E7313A9008FB587 /* Sources */ = {
			isa = PBXSourcesBuildPhase;
			buildActionMask = 2147483647;
			files = (
				197C50791E7313A9008FB587 /* ViewController.swift in Sources */,
				197C50771E7313A9008FB587 /* AppDelegate.swift in Sources */,
			);
			runOnlyForDeploymentPostprocessing = 0;
		};
/* End PBXSourcesBuildPhase section */

/* Begin PBXVariantGroup section */
		197C507A1E7313A9008FB587 /* Main.storyboard */ = {
			isa = PBXVariantGroup;
			children = (
				197C507B1E7313A9008FB587 /* Base */,
			);
			name = Main.storyboard;
			sourceTree = "<group>";
		};
		197C507F1E7313A9008FB587 /* LaunchScreen.storyboard */ = {
			isa = PBXVariantGroup;
			children = (
				197C50801E7313A9008FB587 /* Base */,
			);
			name = LaunchScreen.storyboard;
			sourceTree = "<group>";
		};
/* End PBXVariantGroup section */

/* Begin XCBuildConfiguration section */
		197C50831E7313A9008FB587 /* Debug */ = {
			isa = XCBuildConfiguration;
			buildSettings = {
				ALWAYS_SEARCH_USER_PATHS = NO;
				CLANG_ANALYZER_NONNULL = YES;
				CLANG_CXX_LANGUAGE_STANDARD = "gnu++0x";
				CLANG_CXX_LIBRARY = "libc++";
				CLANG_ENABLE_MODULES = YES;
				CLANG_ENABLE_OBJC_ARC = YES;
				CLANG_WARN_BOOL_CONVERSION = YES;
				CLANG_WARN_CONSTANT_CONVERSION = YES;
				CLANG_WARN_DIRECT_OBJC_ISA_USAGE = YES_ERROR;
				CLANG_WARN_DOCUMENTATION_COMMENTS = YES;
				CLANG_WARN_EMPTY_BODY = YES;
				CLANG_WARN_ENUM_CONVERSION = YES;
				CLANG_WARN_INFINITE_RECURSION = YES;
				CLANG_WARN_INT_CONVERSION = YES;
				CLANG_WARN_OBJC_ROOT_CLASS = YES_ERROR;
				CLANG_WARN_SUSPICIOUS_MOVE = YES;
				CLANG_WARN_UNREACHABLE_CODE = YES;
				CLANG_WARN__DUPLICATE_METHOD_MATCH = YES;
				"CODE_SIGN_IDENTITY[sdk=iphoneos*]" = "iPhone Developer";
				COPY_PHASE_STRIP = NO;
				DEBUG_INFORMATION_FORMAT = dwarf;
				ENABLE_STRICT_OBJC_MSGSEND = YES;
				ENABLE_TESTABILITY = YES;
				GCC_C_LANGUAGE_STANDARD = gnu99;
				GCC_DYNAMIC_NO_PIC = NO;
				GCC_NO_COMMON_BLOCKS = YES;
				GCC_OPTIMIZATION_LEVEL = 0;
				GCC_PREPROCESSOR_DEFINITIONS = (
					"DEBUG=1",
					"$(inherited)",
				);
				GCC_WARN_64_TO_32_BIT_CONVERSION = YES;
				GCC_WARN_ABOUT_RETURN_TYPE = YES_ERROR;
				GCC_WARN_UNDECLARED_SELECTOR = YES;
				GCC_WARN_UNINITIALIZED_AUTOS = YES_AGGRESSIVE;
				GCC_WARN_UNUSED_FUNCTION = YES;
				GCC_WARN_UNUSED_VARIABLE = YES;
				IPHONEOS_DEPLOYMENT_TARGET = 10.2;
				MTL_ENABLE_DEBUG_INFO = YES;
				ONLY_ACTIVE_ARCH = YES;
				SDKROOT = iphoneos;
				SWIFT_ACTIVE_COMPILATION_CONDITIONS = DEBUG;
				SWIFT_OPTIMIZATION_LEVEL = "-Onone";
				TARGETED_DEVICE_FAMILY = "1,2";
			};
			name = Debug;
		};
		197C50841E7313A9008FB587 /* Release */ = {
			isa = XCBuildConfiguration;
			buildSettings = {
				ALWAYS_SEARCH_USER_PATHS = NO;
				CLANG_ANALYZER_NONNULL = YES;
				CLANG_CXX_LANGUAGE_STANDARD = "gnu++0x";
				CLANG_CXX_LIBRARY = "libc++";
				CLANG_ENABLE_MODULES = YES;
				CLANG_ENABLE_OBJC_ARC = YES;
				CLANG_WARN_BOOL_CONVERSION = YES;
				CLANG_WARN_CONSTANT_CONVERSION = YES;
				CLANG_WARN_DIRECT_OBJC_ISA_USAGE = YES_ERROR;
				CLANG_WARN_DOCUMENTATION_COMMENTS = YES;
				CLANG_WARN_EMPTY_BODY = YES;
				CLANG_WARN_ENUM_CONVERSION = YES;
				CLANG_WARN_INFINITE_RECURSION = YES;
				CLANG_WARN_INT_CONVERSION = YES;
				CLANG_WARN_OBJC_ROOT_CLASS = YES_ERROR;
				CLANG_WARN_SUSPICIOUS_MOVE = YES;
				CLANG_WARN_UNREACHABLE_CODE = YES;
				CLANG_WARN__DUPLICATE_METHOD_MATCH = YES;
				"CODE_SIGN_IDENTITY[sdk=iphoneos*]" = "iPhone Developer";
				COPY_PHASE_STRIP = NO;
				DEBUG_INFORMATION_FORMAT = "dwarf-with-dsym";
				ENABLE_NS_ASSERTIONS = NO;
				ENABLE_STRICT_OBJC_MSGSEND = YES;
				GCC_C_LANGUAGE_STANDARD = gnu99;
				GCC_NO_COMMON_BLOCKS = YES;
				GCC_WARN_64_TO_32_BIT_CONVERSION = YES;
				GCC_WARN_ABOUT_RETURN_TYPE = YES_ERROR;
				GCC_WARN_UNDECLARED_SELECTOR = YES;
				GCC_WARN_UNINITIALIZED_AUTOS = YES_AGGRESSIVE;
				GCC_WARN_UNUSED_FUNCTION = YES;
				GCC_WARN_UNUSED_VARIABLE = YES;
				IPHONEOS_DEPLOYMENT_TARGET = 10.2;
				MTL_ENABLE_DEBUG_INFO = NO;
				SDKROOT = iphoneos;
				SWIFT_OPTIMIZATION_LEVEL = "-Owholemodule";
				TARGETED_DEVICE_FAMILY = "1,2";
				VALIDATE_PRODUCT = YES;
			};
			name = Release;
		};
		197C50861E7313A9008FB587 /* Debug */ = {
			isa = XCBuildConfiguration;
			buildSettings = {
				ASSETCATALOG_COMPILER_APPICON_NAME = AppIcon;
				INFOPLIST_FILE = ExCode1/Info.plist;
				LD_RUNPATH_SEARCH_PATHS = "$(inherited) @executable_path/Frameworks";
				PRODUCT_BUNDLE_IDENTIFIER = com.Grapelix.ExCode1;
				PRODUCT_NAME = "$(TARGET_NAME)";
				SWIFT_VERSION = 3.0;
			};
			name = Debug;
		};
		197C50871E7313A9008FB587 /* Release */ = {
			isa = XCBuildConfiguration;
			buildSettings = {
				ASSETCATALOG_COMPILER_APPICON_NAME = AppIcon;
				INFOPLIST_FILE = ExCode1/Info.plist;
				LD_RUNPATH_SEARCH_PATHS = "$(inherited) @executable_path/Frameworks";
				PRODUCT_BUNDLE_IDENTIFIER = com.Grapelix.ExCode1;
				PRODUCT_NAME = "$(TARGET_NAME)";
				SWIFT_VERSION = 3.0;
			};
			name = Release;
		};
/* End XCBuildConfiguration section */

/* Begin XCConfigurationList section */
		197C506E1E7313A9008FB587 /* Build configuration list for PBXProject "ExCode1" */ = {
			isa = XCConfigurationList;
			buildConfigurations = (
				197C50831E7313A9008FB587 /* Debug */,
				197C50841E7313A9008FB587 /* Release */,
			);
			defaultConfigurationIsVisible = 0;
			defaultConfigurationName = Release;
		};
		197C50851E7313A9008FB587 /* Build configuration list for PBXNativeTarget "ExCode1" */ = {
			isa = XCConfigurationList;
			buildConfigurations = (
				197C50861E7313A9008FB587 /* Debug */,
				197C50871E7313A9008FB587 /* Release */,
			);
			defaultConfigurationIsVisible = 0;
		};
/* End XCConfigurationList section */
	};
	rootObject = 197C506B1E7313A9008FB587 /* Project object */;
}
